// !$*UTF8*$!
{
	archiveVersion = 1;
	classes = {
	};
	objectVersion = 48;
	objects = {

/* Begin PBXBuildFile section */
		7C9B8E8E20C633A100B82EED /* AppDelegate.swift in Sources */ = {isa = PBXBuildFile; fileRef = 7C9B8E8D20C633A100B82EED /* AppDelegate.swift */; };
		7C9B8E9020C633A100B82EED /* ViewController.swift in Sources */ = {isa = PBXBuildFile; fileRef = 7C9B8E8F20C633A100B82EED /* ViewController.swift */; };
		7C9B8E9320C633A100B82EED /* Main.storyboard in Resources */ = {isa = PBXBuildFile; fileRef = 7C9B8E9120C633A100B82EED /* Main.storyboard */; };
		7C9B8E9520C633A100B82EED /* Assets.xcassets in Resources */ = {isa = PBXBuildFile; fileRef = 7C9B8E9420C633A100B82EED /* Assets.xcassets */; };
		7C9B8E9820C633A100B82EED /* LaunchScreen.storyboard in Resources */ = {isa = PBXBuildFile; fileRef = 7C9B8E9620C633A100B82EED /* LaunchScreen.storyboard */; };
		7C9B8EA120C633C100B82EED /* MapKit.framework in Frameworks */ = {isa = PBXBuildFile; fileRef = 7C9B8EA020C633C100B82EED /* MapKit.framework */; };
/* End PBXBuildFile section */

/* Begin PBXFileReference section */
		7C9B8E8A20C633A100B82EED /* Simple MapView.app */ = {isa = PBXFileReference; explicitFileType = wrapper.application; includeInIndex = 0; path = "Simple MapView.app"; sourceTree = BUILT_PRODUCTS_DIR; };
		7C9B8E8D20C633A100B82EED /* AppDelegate.swift */ = {isa = PBXFileReference; lastKnownFileType = sourcecode.swift; path = AppDelegate.swift; sourceTree = "<group>"; };
		7C9B8E8F20C633A100B82EED /* ViewController.swift */ = {isa = PBXFileReference; lastKnownFileType = sourcecode.swift; path = ViewController.swift; sourceTree = "<group>"; };
		7C9B8E9220C633A100B82EED /* Base */ = {isa = PBXFileReference; lastKnownFileType = file.storyboard; name = Base; path = Base.lproj/Main.storyboard; sourceTree = "<group>"; };
		7C9B8E9420C633A100B82EED /* Assets.xcassets */ = {isa = PBXFileReference; lastKnownFileType = folder.assetcatalog; path = Assets.xcassets; sourceTree = "<group>"; };
		7C9B8E9720C633A100B82EED /* Base */ = {isa = PBXFileReference; lastKnownFileType = file.storyboard; name = Base; path = Base.lproj/LaunchScreen.storyboard; sourceTree = "<group>"; };
		7C9B8E9920C633A100B82EED /* Info.plist */ = {isa = PBXFileReference; lastKnownFileType = text.plist.xml; path = Info.plist; sourceTree = "<group>"; };
		7C9B8EA020C633C100B82EED /* MapKit.framework */ = {isa = PBXFileReference; lastKnownFileType = wrapper.framework; name = MapKit.framework; path = System/Library/Frameworks/MapKit.framework; sourceTree = SDKROOT; };
/* End PBXFileReference section */

/* Begin PBXFrameworksBuildPhase section */
		7C9B8E8720C633A100B82EED /* Frameworks */ = {
			isa = PBXFrameworksBuildPhase;
			buildActionMask = 2147483647;
			files = (
				7C9B8EA120C633C100B82EED /* MapKit.framework in Frameworks */,
			);
			runOnlyForDeploymentPostprocessing = 0;
		};
/* End PBXFrameworksBuildPhase section */

/* Begin PBXGroup section */
		7C9B8E8120C633A100B82EED = {
			isa = PBXGroup;
			children = (
				7C9B8E8C20C633A100B82EED /* Simple MapView */,
				7C9B8E8B20C633A100B82EED /* Products */,
				7C9B8E9F20C633C000B82EED /* Frameworks */,
			);
			sourceTree = "<group>";
		};
		7C9B8E8B20C633A100B82EED /* Products */ = {
			isa = PBXGroup;
			children = (
				7C9B8E8A20C633A100B82EED /* Simple MapView.app */,
			);
			name = Products;
			sourceTree = "<group>";
		};
		7C9B8E8C20C633A100B82EED /* Simple MapView */ = {
			isa = PBXGroup;
			children = (
				7C9B8E8D20C633A100B82EED /* AppDelegate.swift */,
				7C9B8E8F20C633A100B82EED /* ViewController.swift */,
				7C9B8E9120C633A100B82EED /* Main.storyboard */,
				7C9B8E9420C633A100B82EED /* Assets.xcassets */,
				7C9B8E9620C633A100B82EED /* LaunchScreen.storyboard */,
				7C9B8E9920C633A100B82EED /* Info.plist */,
			);
			path = "Simple MapView";
			sourceTree = "<group>";
		};
		7C9B8E9F20C633C000B82EED /* Frameworks */ = {
			isa = PBXGroup;
			children = (
				7C9B8EA020C633C100B82EED /* MapKit.framework */,
			);
			name = Frameworks;
			sourceTree = "<group>";
		};
/* End PBXGroup section */

/* Begin PBXNativeTarget section */
		7C9B8E8920C633A100B82EED /* Simple MapView */ = {
			isa = PBXNativeTarget;
			buildConfigurationList = 7C9B8E9C20C633A100B82EED /* Build configuration list for PBXNativeTarget "Simple MapView" */;
			buildPhases = (
				7C9B8E8620C633A100B82EED /* Sources */,
				7C9B8E8720C633A100B82EED /* Frameworks */,
				7C9B8E8820C633A100B82EED /* Resources */,
			);
			buildRules = (
			);
			dependencies = (
			);
			name = "Simple MapView";
			productName = "Simple MapView";
			productReference = 7C9B8E8A20C633A100B82EED /* Simple MapView.app */;
			productType = "com.apple.product-type.application";
		};
/* End PBXNativeTarget section */

/* Begin PBXProject section */
		7C9B8E8220C633A100B82EED /* Project object */ = {
			isa = PBXProject;
			attributes = {
				LastSwiftUpdateCheck = 0920;
				LastUpgradeCheck = 0920;
				ORGANIZATIONNAME = D7703_03;
				TargetAttributes = {
					7C9B8E8920C633A100B82EED = {
						CreatedOnToolsVersion = 9.2;
						ProvisioningStyle = Automatic;
					};
				};
			};
			buildConfigurationList = 7C9B8E8520C633A100B82EED /* Build configuration list for PBXProject "Simple MapView" */;
			compatibilityVersion = "Xcode 8.0";
			developmentRegion = en;
			hasScannedForEncodings = 0;
			knownRegions = (
				en,
				Base,
			);
			mainGroup = 7C9B8E8120C633A100B82EED;
			productRefGroup = 7C9B8E8B20C633A100B82EED /* Products */;
			projectDirPath = "";
			projectRoot = "";
			targets = (
				7C9B8E8920C633A100B82EED /* Simple MapView */,
			);
		};
/* End PBXProject section */

/* Begin PBXResourcesBuildPhase section */
		7C9B8E8820C633A100B82EED /* Resources */ = {
			isa = PBXResourcesBuildPhase;
			buildActionMask = 2147483647;
			files = (
				7C9B8E9820C633A100B82EED /* LaunchScreen.storyboard in Resources */,
				7C9B8E9520C633A100B82EED /* Assets.xcassets in Resources */,
				7C9B8E9320C633A100B82EED /* Main.storyboard in Resources */,
			);
			runOnlyForDeploymentPostprocessing = 0;
		};
/* End PBXResourcesBuildPhase section */

/* Begin PBXSourcesBuildPhase section */
		7C9B8E8620C633A100B82EED /* Sources */ = {
			isa = PBXSourcesBuildPhase;
			buildActionMask = 2147483647;
			files = (
				7C9B8E9020C633A100B82EED /* ViewController.swift in Sources */,
				7C9B8E8E20C633A100B82EED /* AppDelegate.swift in Sources */,
			);
			runOnlyForDeploymentPostprocessing = 0;
		};
/* End PBXSourcesBuildPhase section */

/* Begin PBXVariantGroup section */
		7C9B8E9120C633A100B82EED /* Main.storyboard */ = {
			isa = PBXVariantGroup;
			children = (
				7C9B8E9220C633A100B82EED /* Base */,
			);
			name = Main.storyboard;
			sourceTree = "<group>";
		};
		7C9B8E9620C633A100B82EED /* LaunchScreen.storyboard */ = {
			isa = PBXVariantGroup;
			children = (
				7C9B8E9720C633A100B82EED /* Base */,
			);
			name = LaunchScreen.storyboard;
			sourceTree = "<group>";
		};
/* End PBXVariantGroup section */

/* Begin XCBuildConfiguration section */
		7C9B8E9A20C633A100B82EED /* Debug */ = {
			isa = XCBuildConfiguration;
			buildSettings = {
				ALWAYS_SEARCH_USER_PATHS = NO;
				CLANG_ANALYZER_NONNULL = YES;
				CLANG_ANALYZER_NUMBER_OBJECT_CONVERSION = YES_AGGRESSIVE;
				CLANG_CXX_LANGUAGE_STANDARD = "gnu++14";
				CLANG_CXX_LIBRARY = "libc++";
				CLANG_ENABLE_MODULES = YES;
				CLANG_ENABLE_OBJC_ARC = YES;
				CLANG_WARN_BLOCK_CAPTURE_AUTORELEASING = YES;
				CLANG_WARN_BOOL_CONVERSION = YES;
				CLANG_WARN_COMMA = YES;
				CLANG_WARN_CONSTANT_CONVERSION = YES;
				CLANG_WARN_DIRECT_OBJC_ISA_USAGE = YES_ERROR;
				CLANG_WARN_DOCUMENTATION_COMMENTS = YES;
				CLANG_WARN_EMPTY_BODY = YES;
				CLANG_WARN_ENUM_CONVERSION = YES;
				CLANG_WARN_INFINITE_RECURSION = YES;
				CLANG_WARN_INT_CONVERSION = YES;
				CLANG_WARN_NON_LITERAL_NULL_CONVERSION = YES;
				CLANG_WARN_OBJC_LITERAL_CONVERSION = YES;
				CLANG_WARN_OBJC_ROOT_CLASS = YES_ERROR;
				CLANG_WARN_RANGE_LOOP_ANALYSIS = YES;
				CLANG_WARN_STRICT_PROTOTYPES = YES;
				CLANG_WARN_SUSPICIOUS_MOVE = YES;
				CLANG_WARN_UNGUARDED_AVAILABILITY = YES_AGGRESSIVE;
				CLANG_WARN_UNREACHABLE_CODE = YES;
				CLANG_WARN__DUPLICATE_METHOD_MATCH = YES;
				CODE_SIGN_IDENTITY = "iPhone Developer";
				COPY_PHASE_STRIP = NO;
				DEBUG_INFORMATION_FORMAT = dwarf;
				ENABLE_STRICT_OBJC_MSGSEND = YES;
				ENABLE_TESTABILITY = YES;
				GCC_C_LANGUAGE_STANDARD = gnu11;
				GCC_DYNAMIC_NO_PIC = NO;
				GCC_NO_COMMON_BLOCKS = YES;
				GCC_OPTIMIZATION_LEVEL = 0;
				GCC_PREPROCESSOR_DEFINITIONS = (
					"DEBUG=1",
					"$(inherited)",
				);
				GCC_WARN_64_TO_32_BIT_CONVERSION = YES;
				GCC_WARN_ABOUT_RETURN_TYPE = YES_ERROR;
				GCC_WARN_UNDECLARED_SELECTOR = YES;
				GCC_WARN_UNINITIALIZED_AUTOS = YES_AGGRESSIVE;
				GCC_WARN_UNUSED_FUNCTION = YES;
				GCC_WARN_UNUSED_VARIABLE = YES;
				IPHONEOS_DEPLOYMENT_TARGET = 11.2;
				MTL_ENABLE_DEBUG_INFO = YES;
				ONLY_ACTIVE_ARCH = YES;
				SDKROOT = iphoneos;
				SWIFT_ACTIVE_COMPILATION_CONDITIONS = DEBUG;
				SWIFT_OPTIMIZATION_LEVEL = "-Onone";
			};
			name = Debug;
		};
		7C9B8E9B20C633A100B82EED /* Release */ = {
			isa = XCBuildConfiguration;
			buildSettings = {
				ALWAYS_SEARCH_USER_PATHS = NO;
				CLANG_ANALYZER_NONNULL = YES;
				CLANG_ANALYZER_NUMBER_OBJECT_CONVERSION = YES_AGGRESSIVE;
				CLANG_CXX_LANGUAGE_STANDARD = "gnu++14";
				CLANG_CXX_LIBRARY = "libc++";
				CLANG_ENABLE_MODULES = YES;
				CLANG_ENABLE_OBJC_ARC = YES;
				CLANG_WARN_BLOCK_CAPTURE_AUTORELEASING = YES;
				CLANG_WARN_BOOL_CONVERSION = YES;
				CLANG_WARN_COMMA = YES;
				CLANG_WARN_CONSTANT_CONVERSION = YES;
				CLANG_WARN_DIRECT_OBJC_ISA_USAGE = YES_ERROR;
				CLANG_WARN_DOCUMENTATION_COMMENTS = YES;
				CLANG_WARN_EMPTY_BODY = YES;
				CLANG_WARN_ENUM_CONVERSION = YES;
				CLANG_WARN_INFINITE_RECURSION = YES;
				CLANG_WARN_INT_CONVERSION = YES;
				CLANG_WARN_NON_LITERAL_NULL_CONVERSION = YES;
				CLANG_WARN_OBJC_LITERAL_CONVERSION = YES;
				CLANG_WARN_OBJC_ROOT_CLASS = YES_ERROR;
				CLANG_WARN_RANGE_LOOP_ANALYSIS = YES;
				CLANG_WARN_STRICT_PROTOTYPES = YES;
				CLANG_WARN_SUSPICIOUS_MOVE = YES;
				CLANG_WARN_UNGUARDED_AVAILABILITY = YES_AGGRESSIVE;
				CLANG_WARN_UNREACHABLE_CODE = YES;
				CLANG_WARN__DUPLICATE_METHOD_MATCH = YES;
				CODE_SIGN_IDENTITY = "iPhone Developer";
				COPY_PHASE_STRIP = NO;
				DEBUG_INFORMATION_FORMAT = "dwarf-with-dsym";
				ENABLE_NS_ASSERTIONS = NO;
				ENABLE_STRICT_OBJC_MSGSEND = YES;
				GCC_C_LANGUAGE_STANDARD = gnu11;
				GCC_NO_COMMON_BLOCKS = YES;
				GCC_WARN_64_TO_32_BIT_CONVERSION = YES;
				GCC_WARN_ABOUT_RETURN_TYPE = YES_ERROR;
				GCC_WARN_UNDECLARED_SELECTOR = YES;
				GCC_WARN_UNINITIALIZED_AUTOS = YES_AGGRESSIVE;
				GCC_WARN_UNUSED_FUNCTION = YES;
				GCC_WARN_UNUSED_VARIABLE = YES;
				IPHONEOS_DEPLOYMENT_TARGET = 11.2;
				MTL_ENABLE_DEBUG_INFO = NO;
				SDKROOT = iphoneos;
				SWIFT_OPTIMIZATION_LEVEL = "-Owholemodule";
				VALIDATE_PRODUCT = YES;
			};
			name = Release;
		};
		7C9B8E9D20C633A100B82EED /* Debug */ = {
			isa = XCBuildConfiguration;
			buildSettings = {
				ASSETCATALOG_COMPILER_APPICON_NAME = AppIcon;
				CODE_SIGN_STYLE = Automatic;
				INFOPLIST_FILE = "Simple MapView/Info.plist";
				LD_RUNPATH_SEARCH_PATHS = "$(inherited) @executable_path/Frameworks";
				PRODUCT_BUNDLE_IDENTIFIER = "-.Simple-MapView";
				PRODUCT_NAME = "$(TARGET_NAME)";
				SWIFT_VERSION = 4.0;
				TARGETED_DEVICE_FAMILY = "1,2";
			};
			name = Debug;
		};
		7C9B8E9E20C633A100B82EED /* Release */ = {
			isa = XCBuildConfiguration;
			buildSettings = {
				ASSETCATALOG_COMPILER_APPICON_NAME = AppIcon;
				CODE_SIGN_STYLE = Automatic;
				INFOPLIST_FILE = "Simple MapView/Info.plist";
				LD_RUNPATH_SEARCH_PATHS = "$(inherited) @executable_path/Frameworks";
				PRODUCT_BUNDLE_IDENTIFIER = "-.Simple-MapView";
				PRODUCT_NAME = "$(TARGET_NAME)";
				SWIFT_VERSION = 4.0;
				TARGETED_DEVICE_FAMILY = "1,2";
			};
			name = Release;
		};
/* End XCBuildConfiguration section */

/* Begin XCConfigurationList section */
		7C9B8E8520C633A100B82EED /* Build configuration list for PBXProject "Simple MapView" */ = {
			isa = XCConfigurationList;
			buildConfigurations = (
				7C9B8E9A20C633A100B82EED /* Debug */,
				7C9B8E9B20C633A100B82EED /* Release */,
			);
			defaultConfigurationIsVisible = 0;
			defaultConfigurationName = Release;
		};
		7C9B8E9C20C633A100B82EED /* Build configuration list for PBXNativeTarget "Simple MapView" */ = {
			isa = XCConfigurationList;
			buildConfigurations = (
				7C9B8E9D20C633A100B82EED /* Debug */,
				7C9B8E9E20C633A100B82EED /* Release */,
			);
			defaultConfigurationIsVisible = 0;
			defaultConfigurationName = Release;
		};
/* End XCConfigurationList section */
	};
	rootObject = 7C9B8E8220C633A100B82EED /* Project object */;
}
